
Microsoft Visual Studio Solution File, Format Version 12.00
Project("{FAE04EC0-301F-11D3-BF4B-00C04F79EFBC}") = "PerscriptionApp", "PerscriptionApp\PerscriptionApp.csproj", "{A5508519-4BDC-46DE-9749-FB0E063E67BC}"
EndProject
Global
	GlobalSection(SolutionConfigurationPlatforms) = preSolution
		Debug|Any CPU = Debug|Any CPU
		Release|Any CPU = Release|Any CPU
	EndGlobalSection
	GlobalSection(ProjectConfigurationPlatforms) = postSolution
		{A5508519-4BDC-46DE-9749-FB0E063E67BC}.Debug|Any CPU.ActiveCfg = Debug|Any CPU
		{A5508519-4BDC-46DE-9749-FB0E063E67BC}.Debug|Any CPU.Build.0 = Debug|Any CPU
		{A5508519-4BDC-46DE-9749-FB0E063E67BC}.Release|Any CPU.ActiveCfg = Release|Any CPU
		{A5508519-4BDC-46DE-9749-FB0E063E67BC}.Release|Any CPU.Build.0 = Release|Any CPU
	EndGlobalSection
EndGlobal
